PODS:
  - Alamofire (4.2.0)
  - SwiftProtobuf (0.9.24)

DEPENDENCIES:
  - Alamofire (~> 4.0)
  - SwiftProtobuf (from `https://github.com/apple/swift-protobuf.git`, tag `0.9.24`)

EXTERNAL SOURCES:
  SwiftProtobuf:
    :git: https://github.com/apple/swift-protobuf.git
    :tag: 0.9.24

CHECKOUT OPTIONS:
  SwiftProtobuf:
    :git: https://github.com/apple/swift-protobuf.git
    :tag: 0.9.24

SPEC CHECKSUMS:
  Alamofire: aa2e09d871c9160ac53c90e83c68064a94e3dfbe
  SwiftProtobuf: 06ee8152e44a46f50bb5c3d40697c49930a69c6d

PODFILE CHECKSUM: b66b574d1f73ee650619594e1ec38bd25ac9c991

COCOAPODS: 1.0.0
